info:
  name: Control Device - Toggle Lock
  type: http
  seq: 1

http:
  method: PUT
  url: http://localhost:5073/api/Devices/5acb1dc6-b92c-4ff7-9f65-a32999b07887/commands
  body:
    type: json
    data: |-
      {
        "command": 6
      }
  auth: inherit

settings:
  encodeUrl: true
  timeout: 0
  followRedirects: true
  maxRedirects: 5
